
Microsoft Visual Studio Solution File, Format Version 12.00
# Visual Studio Version 17
VisualStudioVersion = 17.14.36414.22 d17.14
MinimumVisualStudioVersion = 10.0.40219.1
Project("{FAE04EC0-301F-11D3-BF4B-00C04F79EFBC}") = "PRAKTICA", "PRAKTICA\PRAKTICA.csproj", "{887DA499-A66E-4EF2-8AB1-6FE5882F5401}"
EndProject
Global
	GlobalSection(SolutionConfigurationPlatforms) = preSolution
		Debug|Any CPU = Debug|Any CPU
		Release|Any CPU = Release|Any CPU
	EndGlobalSection
	GlobalSection(ProjectConfigurationPlatforms) = postSolution
		{887DA499-A66E-4EF2-8AB1-6FE5882F5401}.Debug|Any CPU.ActiveCfg = Debug|Any CPU
		{887DA499-A66E-4EF2-8AB1-6FE5882F5401}.Debug|Any CPU.Build.0 = Debug|Any CPU
		{887DA499-A66E-4EF2-8AB1-6FE5882F5401}.Release|Any CPU.ActiveCfg = Release|Any CPU
		{887DA499-A66E-4EF2-8AB1-6FE5882F5401}.Release|Any CPU.Build.0 = Release|Any CPU
	EndGlobalSection
	GlobalSection(SolutionProperties) = preSolution
		HideSolutionNode = FALSE
	EndGlobalSection
	GlobalSection(ExtensibilityGlobals) = postSolution
		SolutionGuid = {59AB4D46-A6C0-4E44-9518-082CF5016803}
	EndGlobalSection
EndGlobal
